
Microsoft Visual Studio Solution File, Format Version 12.00
# Visual Studio 15
VisualStudioVersion = 15.0.26124.0
MinimumVisualStudioVersion = 15.0.26124.0
Project("{F2A71F9B-5D33-465A-A702-920D77279786}") = "Dumia.Domain", "Dumia.Domain\Dumia.Domain.fsproj", "{D48F4366-303D-4DA6-8F38-82D42F22AB6D}"
EndProject
Project("{F2A71F9B-5D33-465A-A702-920D77279786}") = "Dumia.Services", "Dumia.Services\Dumia.Services.fsproj", "{7BF7C329-7EBD-4C6C-B9D8-4D4577C20C3F}"
EndProject
Project("{F2A71F9B-5D33-465A-A702-920D77279786}") = "Dumia.Web", "Dumia.Web\Dumia.Web.fsproj", "{28BC978F-4084-499F-8453-04B183E6A4C5}"
EndProject
Project("{FAE04EC0-301F-11D3-BF4B-00C04F79EFBC}") = "Dumia.Test", "Dumia.Test\Dumia.Test.fsproj", "{7FBCEEF4-3DE7-49F8-AE95-5CB53D1E4D13}"
EndProject
Global
	GlobalSection(SolutionConfigurationPlatforms) = preSolution
		Debug|Any CPU = Debug|Any CPU
		Debug|x64 = Debug|x64
		Debug|x86 = Debug|x86
		Release|Any CPU = Release|Any CPU
		Release|x64 = Release|x64
		Release|x86 = Release|x86
	EndGlobalSection
	GlobalSection(SolutionProperties) = preSolution
		HideSolutionNode = FALSE
	EndGlobalSection
	GlobalSection(ProjectConfigurationPlatforms) = postSolution
		{D48F4366-303D-4DA6-8F38-82D42F22AB6D}.Debug|Any CPU.ActiveCfg = Debug|Any CPU
		{D48F4366-303D-4DA6-8F38-82D42F22AB6D}.Debug|Any CPU.Build.0 = Debug|Any CPU
		{D48F4366-303D-4DA6-8F38-82D42F22AB6D}.Debug|x64.ActiveCfg = Debug|x64
		{D48F4366-303D-4DA6-8F38-82D42F22AB6D}.Debug|x64.Build.0 = Debug|x64
		{D48F4366-303D-4DA6-8F38-82D42F22AB6D}.Debug|x86.ActiveCfg = Debug|x86
		{D48F4366-303D-4DA6-8F38-82D42F22AB6D}.Debug|x86.Build.0 = Debug|x86
		{D48F4366-303D-4DA6-8F38-82D42F22AB6D}.Release|Any CPU.ActiveCfg = Release|Any CPU
		{D48F4366-303D-4DA6-8F38-82D42F22AB6D}.Release|Any CPU.Build.0 = Release|Any CPU
		{D48F4366-303D-4DA6-8F38-82D42F22AB6D}.Release|x64.ActiveCfg = Release|x64
		{D48F4366-303D-4DA6-8F38-82D42F22AB6D}.Release|x64.Build.0 = Release|x64
		{D48F4366-303D-4DA6-8F38-82D42F22AB6D}.Release|x86.ActiveCfg = Release|x86
		{D48F4366-303D-4DA6-8F38-82D42F22AB6D}.Release|x86.Build.0 = Release|x86
		{7BF7C329-7EBD-4C6C-B9D8-4D4577C20C3F}.Debug|Any CPU.ActiveCfg = Debug|Any CPU
		{7BF7C329-7EBD-4C6C-B9D8-4D4577C20C3F}.Debug|Any CPU.Build.0 = Debug|Any CPU
		{7BF7C329-7EBD-4C6C-B9D8-4D4577C20C3F}.Debug|x64.ActiveCfg = Debug|x64
		{7BF7C329-7EBD-4C6C-B9D8-4D4577C20C3F}.Debug|x64.Build.0 = Debug|x64
		{7BF7C329-7EBD-4C6C-B9D8-4D4577C20C3F}.Debug|x86.ActiveCfg = Debug|x86
		{7BF7C329-7EBD-4C6C-B9D8-4D4577C20C3F}.Debug|x86.Build.0 = Debug|x86
		{7BF7C329-7EBD-4C6C-B9D8-4D4577C20C3F}.Release|Any CPU.ActiveCfg = Release|Any CPU
		{7BF7C329-7EBD-4C6C-B9D8-4D4577C20C3F}.Release|Any CPU.Build.0 = Release|Any CPU
		{7BF7C329-7EBD-4C6C-B9D8-4D4577C20C3F}.Release|x64.ActiveCfg = Release|x64
		{7BF7C329-7EBD-4C6C-B9D8-4D4577C20C3F}.Release|x64.Build.0 = Release|x64
		{7BF7C329-7EBD-4C6C-B9D8-4D4577C20C3F}.Release|x86.ActiveCfg = Release|x86
		{7BF7C329-7EBD-4C6C-B9D8-4D4577C20C3F}.Release|x86.Build.0 = Release|x86
		{28BC978F-4084-499F-8453-04B183E6A4C5}.Debug|Any CPU.ActiveCfg = Debug|Any CPU
		{28BC978F-4084-499F-8453-04B183E6A4C5}.Debug|Any CPU.Build.0 = Debug|Any CPU
		{28BC978F-4084-499F-8453-04B183E6A4C5}.Debug|x64.ActiveCfg = Debug|x64
		{28BC978F-4084-499F-8453-04B183E6A4C5}.Debug|x64.Build.0 = Debug|x64
		{28BC978F-4084-499F-8453-04B183E6A4C5}.Debug|x86.ActiveCfg = Debug|x86
		{28BC978F-4084-499F-8453-04B183E6A4C5}.Debug|x86.Build.0 = Debug|x86
		{28BC978F-4084-499F-8453-04B183E6A4C5}.Release|Any CPU.ActiveCfg = Release|Any CPU
		{28BC978F-4084-499F-8453-04B183E6A4C5}.Release|Any CPU.Build.0 = Release|Any CPU
		{28BC978F-4084-499F-8453-04B183E6A4C5}.Release|x64.ActiveCfg = Release|x64
		{28BC978F-4084-499F-8453-04B183E6A4C5}.Release|x64.Build.0 = Release|x64
		{28BC978F-4084-499F-8453-04B183E6A4C5}.Release|x86.ActiveCfg = Release|x86
		{28BC978F-4084-499F-8453-04B183E6A4C5}.Release|x86.Build.0 = Release|x86
		{7FBCEEF4-3DE7-49F8-AE95-5CB53D1E4D13}.Debug|Any CPU.ActiveCfg = Debug|Any CPU
		{7FBCEEF4-3DE7-49F8-AE95-5CB53D1E4D13}.Debug|Any CPU.Build.0 = Debug|Any CPU
		{7FBCEEF4-3DE7-49F8-AE95-5CB53D1E4D13}.Debug|x64.ActiveCfg = Debug|x64
		{7FBCEEF4-3DE7-49F8-AE95-5CB53D1E4D13}.Debug|x64.Build.0 = Debug|x64
		{7FBCEEF4-3DE7-49F8-AE95-5CB53D1E4D13}.Debug|x86.ActiveCfg = Debug|x86
		{7FBCEEF4-3DE7-49F8-AE95-5CB53D1E4D13}.Debug|x86.Build.0 = Debug|x86
		{7FBCEEF4-3DE7-49F8-AE95-5CB53D1E4D13}.Release|Any CPU.ActiveCfg = Release|Any CPU
		{7FBCEEF4-3DE7-49F8-AE95-5CB53D1E4D13}.Release|Any CPU.Build.0 = Release|Any CPU
		{7FBCEEF4-3DE7-49F8-AE95-5CB53D1E4D13}.Release|x64.ActiveCfg = Release|x64
		{7FBCEEF4-3DE7-49F8-AE95-5CB53D1E4D13}.Release|x64.Build.0 = Release|x64
		{7FBCEEF4-3DE7-49F8-AE95-5CB53D1E4D13}.Release|x86.ActiveCfg = Release|x86
		{7FBCEEF4-3DE7-49F8-AE95-5CB53D1E4D13}.Release|x86.Build.0 = Release|x86
	EndGlobalSection
EndGlobal
